{
  "originHash" : "11c8e3d0dcc6eac7ca183f41b406c8af972a3f155d0810b4049881b9ae88b562",
  "pins" : [
    {
      "identity" : "acp-swift-sdk",
      "kind" : "remoteSourceControl",
      "location" : "https://github.com/rebornix/acp-swift-sdk",
      "state" : {
        "branch" : "main",
        "revision" : "b800b3f2c251e3453fdd10172d671123e1908301"
      }
    },
    {
      "identity" : "highlightr",
      "kind" : "remoteSourceControl",
      "location" : "https://github.com/raspu/Highlightr",
      "state" : {
        "revision" : "05e7fcc63b33925cd0c1faaa205cdd5681e7bbef",
        "version" : "2.3.0"
      }
    },
    {
      "identity" : "listviewkit",
      "kind" : "remoteSourceControl",
      "location" : "https://github.com/tualatrix/ListViewKit",
      "state" : {
        "branch" : "main",
        "revision" : "b2601161e0971e9e9e4678f2dbaea68b1a4a653d"
      }
    },
    {
      "identity" : "litext",
      "kind" : "remoteSourceControl",
      "location" : "https://github.com/Lakr233/Litext",
      "state" : {
        "revision" : "c7e83f2f580ce34a102ca9ba9d2bb24e507dccd9",
        "version" : "0.5.6"
      }
    },
    {
      "identity" : "lrucache",
      "kind" : "remoteSourceControl",
      "location" : "https://github.com/nicklockwood/LRUCache",
      "state" : {
        "revision" : "cb5b2bd0da83ad29c0bec762d39f41c8ad0eaf3e",
        "version" : "1.2.1"
      }
    },
    {
      "identity" : "markdownview",
      "kind" : "remoteSourceControl",
      "location" : "https://github.com/Lakr233/MarkdownView",
      "state" : {
        "revision" : "8b8c1eecd251051c5ec2bdd5f31a2243efd9be6c",
        "version" : "3.6.2"
      }
    },
    {
      "identity" : "msdisplaylink",
      "kind" : "remoteSourceControl",
      "location" : "https://github.com/Lakr233/MSDisplayLink",
      "state" : {
        "revision" : "ebf5823cb5fc1326639d9a05bc06d16bbe82989f",
        "version" : "2.0.8"
      }
    },
    {
      "identity" : "springinterpolation",
      "kind" : "remoteSourceControl",
      "location" : "https://github.com/Lakr233/SpringInterpolation",
      "state" : {
        "revision" : "cdb556516daa9b43c16aae9436dd39e19ff930fd",
        "version" : "1.4.0"
      }
    },
    {
      "identity" : "swift-cmark",
      "kind" : "remoteSourceControl",
      "location" : "https://github.com/swiftlang/swift-cmark",
      "state" : {
        "revision" : "5d9bdaa4228b381639fff09403e39a04926e2dbe",
        "version" : "0.7.1"
      }
    },
    {
      "identity" : "swift-collections",
      "kind" : "remoteSourceControl",
      "location" : "https://github.com/apple/swift-collections",
      "state" : {
        "revision" : "7b847a3b7008b2dc2f47ca3110d8c782fb2e5c7e",
        "version" : "1.3.0"
      }
    },
    {
      "identity" : "swift-log",
      "kind" : "remoteSourceControl",
      "location" : "https://github.com/apple/swift-log.git",
      "state" : {
        "revision" : "2778fd4e5a12a8aaa30a3ee8285f4ce54c5f3181",
        "version" : "1.9.1"
      }
    },
    {
      "identity" : "swift-system",
      "kind" : "remoteSourceControl",
      "location" : "https://github.com/apple/swift-system.git",
      "state" : {
        "revision" : "7c6ad0fc39d0763e0b699210e4124afd5041c5df",
        "version" : "1.6.4"
      }
    },
    {
      "identity" : "swiftmath",
      "kind" : "remoteSourceControl",
      "location" : "https://github.com/mgriebling/SwiftMath",
      "state" : {
        "revision" : "fa8244ed032f4a1ade4cb0571bf87d2f1a9fd2d7",
        "version" : "1.7.3"
      }
    }
  ],
  "version" : 3
}
