{
  "originHash" : "6b4dac47a9564aaeafad37b75fb169d42bde22dcbe14099946c30fd09fc4b5cc",
  "pins" : [
    {
      "identity" : "acp-swift-sdk",
      "kind" : "remoteSourceControl",
      "location" : "https://github.com/rebornix/acp-swift-sdk",
      "state" : {
        "branch" : "main",
        "revision" : "b800b3f2c251e3453fdd10172d671123e1908301"
      }
    },
    {
      "identity" : "swift-log",
      "kind" : "remoteSourceControl",
      "location" : "https://github.com/apple/swift-log.git",
      "state" : {
        "revision" : "2778fd4e5a12a8aaa30a3ee8285f4ce54c5f3181",
        "version" : "1.9.1"
      }
    },
    {
      "identity" : "swift-system",
      "kind" : "remoteSourceControl",
      "location" : "https://github.com/apple/swift-system.git",
      "state" : {
        "revision" : "7c6ad0fc39d0763e0b699210e4124afd5041c5df",
        "version" : "1.6.4"
      }
    }
  ],
  "version" : 3
}
